
Microsoft Visual Studio Solution File, Format Version 12.00
# Visual Studio 15
VisualStudioVersion = 15.0.27703.2042
MinimumVisualStudioVersion = 10.0.40219.1
Project("{FAE04EC0-301F-11D3-BF4B-00C04F79EFBC}") = "DBConnectDBCommand", "DBConnectDBCommand\DBConnectDBCommand.csproj", "{CD686D33-C83B-4013-8380-F68B1B3CE168}"
EndProject
Global
	GlobalSection(SolutionConfigurationPlatforms) = preSolution
		Debug|Any CPU = Debug|Any CPU
		Release|Any CPU = Release|Any CPU
	EndGlobalSection
	GlobalSection(ProjectConfigurationPlatforms) = postSolution
		{CD686D33-C83B-4013-8380-F68B1B3CE168}.Debug|Any CPU.ActiveCfg = Debug|Any CPU
		{CD686D33-C83B-4013-8380-F68B1B3CE168}.Debug|Any CPU.Build.0 = Debug|Any CPU
		{CD686D33-C83B-4013-8380-F68B1B3CE168}.Release|Any CPU.ActiveCfg = Release|Any CPU
		{CD686D33-C83B-4013-8380-F68B1B3CE168}.Release|Any CPU.Build.0 = Release|Any CPU
	EndGlobalSection
	GlobalSection(SolutionProperties) = preSolution
		HideSolutionNode = FALSE
	EndGlobalSection
	GlobalSection(ExtensibilityGlobals) = postSolution
		SolutionGuid = {08627588-8433-4816-BC2C-7E6F6D17D4C0}
	EndGlobalSection
EndGlobal
